
Microsoft Visual Studio Solution File, Format Version 12.00
# Visual Studio Version 17
VisualStudioVersion = 17.2.32519.379
MinimumVisualStudioVersion = 10.0.40219.1
Project("{FAE04EC0-301F-11D3-BF4B-00C04F79EFBC}") = "KonusarakOgren", "KonusarakOgren\KonusarakOgren.csproj", "{70645614-5376-4BD3-B559-BF896E8A658F}"
EndProject
Global
	GlobalSection(SolutionConfigurationPlatforms) = preSolution
		Debug|Any CPU = Debug|Any CPU
		Release|Any CPU = Release|Any CPU
	EndGlobalSection
	GlobalSection(ProjectConfigurationPlatforms) = postSolution
		{70645614-5376-4BD3-B559-BF896E8A658F}.Debug|Any CPU.ActiveCfg = Debug|Any CPU
		{70645614-5376-4BD3-B559-BF896E8A658F}.Debug|Any CPU.Build.0 = Debug|Any CPU
		{70645614-5376-4BD3-B559-BF896E8A658F}.Release|Any CPU.ActiveCfg = Release|Any CPU
		{70645614-5376-4BD3-B559-BF896E8A658F}.Release|Any CPU.Build.0 = Release|Any CPU
	EndGlobalSection
	GlobalSection(SolutionProperties) = preSolution
		HideSolutionNode = FALSE
	EndGlobalSection
	GlobalSection(ExtensibilityGlobals) = postSolution
		SolutionGuid = {78D69773-A2E7-4749-B660-ACF111A3560C}
	EndGlobalSection
EndGlobal
